// !$*UTF8*$!
{
	archiveVersion = 1;
	classes = {
	};
	objectVersion = 50;
	objects = {

/* Begin PBXBuildFile section */
		3D4EF0B82271CC9B00D1E36F /* PhotoCollectionViewCell.m in Sources */ = {isa = PBXBuildFile; fileRef = 3D4EF0B72271CC9B00D1E36F /* PhotoCollectionViewCell.m */; };
		3D4EF0BB2271CCD200D1E36F /* Photo.m in Sources */ = {isa = PBXBuildFile; fileRef = 3D4EF0BA2271CCD200D1E36F /* Photo.m */; };
		3D75406F226A5D4200BCA6F9 /* AppDelegate.m in Sources */ = {isa = PBXBuildFile; fileRef = 3D75406E226A5D4200BCA6F9 /* AppDelegate.m */; };
		3D754072226A5D4200BCA6F9 /* ViewController.m in Sources */ = {isa = PBXBuildFile; fileRef = 3D754071226A5D4200BCA6F9 /* ViewController.m */; };
		3D754077226A5D4300BCA6F9 /* Assets.xcassets in Resources */ = {isa = PBXBuildFile; fileRef = 3D754076226A5D4300BCA6F9 /* Assets.xcassets */; };
		3D75407A226A5D4300BCA6F9 /* LaunchScreen.storyboard in Resources */ = {isa = PBXBuildFile; fileRef = 3D754078226A5D4300BCA6F9 /* LaunchScreen.storyboard */; };
		3D75407D226A5D4300BCA6F9 /* main.m in Sources */ = {isa = PBXBuildFile; fileRef = 3D75407C226A5D4300BCA6F9 /* main.m */; };
		3DE74DDB226EFB5700E44AC1 /* NetworkHelper.m in Sources */ = {isa = PBXBuildFile; fileRef = 3DE74DD6226EFB5700E44AC1 /* NetworkHelper.m */; };
		3DE74DDC226EFB5700E44AC1 /* NetworkService.m in Sources */ = {isa = PBXBuildFile; fileRef = 3DE74DD8226EFB5700E44AC1 /* NetworkService.m */; };
		3DE74DE0226F54A800E44AC1 /* ImageEditView.m in Sources */ = {isa = PBXBuildFile; fileRef = 3DE74DDF226F54A800E44AC1 /* ImageEditView.m */; };
/* End PBXBuildFile section */

/* Begin PBXFileReference section */
		3D4EF0B62271CC9B00D1E36F /* PhotoCollectionViewCell.h */ = {isa = PBXFileReference; lastKnownFileType = sourcecode.c.h; path = PhotoCollectionViewCell.h; sourceTree = "<group>"; };
		3D4EF0B72271CC9B00D1E36F /* PhotoCollectionViewCell.m */ = {isa = PBXFileReference; lastKnownFileType = sourcecode.c.objc; path = PhotoCollectionViewCell.m; sourceTree = "<group>"; };
		3D4EF0B92271CCD200D1E36F /* Photo.h */ = {isa = PBXFileReference; lastKnownFileType = sourcecode.c.h; path = Photo.h; sourceTree = "<group>"; };
		3D4EF0BA2271CCD200D1E36F /* Photo.m */ = {isa = PBXFileReference; lastKnownFileType = sourcecode.c.objc; path = Photo.m; sourceTree = "<group>"; };
		3D75406A226A5D4200BCA6F9 /* FlickrPhotoFinder.app */ = {isa = PBXFileReference; explicitFileType = wrapper.application; includeInIndex = 0; path = FlickrPhotoFinder.app; sourceTree = BUILT_PRODUCTS_DIR; };
		3D75406D226A5D4200BCA6F9 /* AppDelegate.h */ = {isa = PBXFileReference; lastKnownFileType = sourcecode.c.h; path = AppDelegate.h; sourceTree = "<group>"; };
		3D75406E226A5D4200BCA6F9 /* AppDelegate.m */ = {isa = PBXFileReference; lastKnownFileType = sourcecode.c.objc; path = AppDelegate.m; sourceTree = "<group>"; };
		3D754070226A5D4200BCA6F9 /* ViewController.h */ = {isa = PBXFileReference; lastKnownFileType = sourcecode.c.h; path = ViewController.h; sourceTree = "<group>"; };
		3D754071226A5D4200BCA6F9 /* ViewController.m */ = {isa = PBXFileReference; lastKnownFileType = sourcecode.c.objc; path = ViewController.m; sourceTree = "<group>"; };
		3D754076226A5D4300BCA6F9 /* Assets.xcassets */ = {isa = PBXFileReference; lastKnownFileType = folder.assetcatalog; path = Assets.xcassets; sourceTree = "<group>"; };
		3D754079226A5D4300BCA6F9 /* Base */ = {isa = PBXFileReference; lastKnownFileType = file.storyboard; name = Base; path = Base.lproj/LaunchScreen.storyboard; sourceTree = "<group>"; };
		3D75407B226A5D4300BCA6F9 /* Info.plist */ = {isa = PBXFileReference; lastKnownFileType = text.plist.xml; path = Info.plist; sourceTree = "<group>"; };
		3D75407C226A5D4300BCA6F9 /* main.m */ = {isa = PBXFileReference; lastKnownFileType = sourcecode.c.objc; path = main.m; sourceTree = "<group>"; };
		3DE74DD6226EFB5700E44AC1 /* NetworkHelper.m */ = {isa = PBXFileReference; lastKnownFileType = sourcecode.c.objc; path = NetworkHelper.m; sourceTree = "<group>"; };
		3DE74DD7226EFB5700E44AC1 /* NetworkHelper.h */ = {isa = PBXFileReference; lastKnownFileType = sourcecode.c.h; path = NetworkHelper.h; sourceTree = "<group>"; };
		3DE74DD8226EFB5700E44AC1 /* NetworkService.m */ = {isa = PBXFileReference; lastKnownFileType = sourcecode.c.objc; path = NetworkService.m; sourceTree = "<group>"; };
		3DE74DD9226EFB5700E44AC1 /* NetworkServiceProtocol.h */ = {isa = PBXFileReference; lastKnownFileType = sourcecode.c.h; path = NetworkServiceProtocol.h; sourceTree = "<group>"; };
		3DE74DDA226EFB5700E44AC1 /* NetworkService.h */ = {isa = PBXFileReference; lastKnownFileType = sourcecode.c.h; path = NetworkService.h; sourceTree = "<group>"; };
		3DE74DDE226F54A800E44AC1 /* ImageEditView.h */ = {isa = PBXFileReference; lastKnownFileType = sourcecode.c.h; path = ImageEditView.h; sourceTree = "<group>"; };
		3DE74DDF226F54A800E44AC1 /* ImageEditView.m */ = {isa = PBXFileReference; lastKnownFileType = sourcecode.c.objc; path = ImageEditView.m; sourceTree = "<group>"; };
/* End PBXFileReference section */

/* Begin PBXFrameworksBuildPhase section */
		3D754067226A5D4100BCA6F9 /* Frameworks */ = {
			isa = PBXFrameworksBuildPhase;
			buildActionMask = 2147483647;
			files = (
			);
			runOnlyForDeploymentPostprocessing = 0;
		};
/* End PBXFrameworksBuildPhase section */

/* Begin PBXGroup section */
		3D4EF0BC2271CE6800D1E36F /* PhotoModel */ = {
			isa = PBXGroup;
			children = (
				3D4EF0B92271CCD200D1E36F /* Photo.h */,
				3D4EF0BA2271CCD200D1E36F /* Photo.m */,
			);
			name = PhotoModel;
			sourceTree = "<group>";
		};
		3D754061226A5D4100BCA6F9 = {
			isa = PBXGroup;
			children = (
				3D75406C226A5D4200BCA6F9 /* FlickrPhotoFinder */,
				3D75406B226A5D4200BCA6F9 /* Products */,
			);
			sourceTree = "<group>";
		};
		3D75406B226A5D4200BCA6F9 /* Products */ = {
			isa = PBXGroup;
			children = (
				3D75406A226A5D4200BCA6F9 /* FlickrPhotoFinder.app */,
			);
			name = Products;
			sourceTree = "<group>";
		};
		3D75406C226A5D4200BCA6F9 /* FlickrPhotoFinder */ = {
			isa = PBXGroup;
			children = (
				3D4EF0BC2271CE6800D1E36F /* PhotoModel */,
				3DE74DDD226EFB6400E44AC1 /* NerworkService */,
				3D75406D226A5D4200BCA6F9 /* AppDelegate.h */,
				3D75406E226A5D4200BCA6F9 /* AppDelegate.m */,
				3D754070226A5D4200BCA6F9 /* ViewController.h */,
				3D754071226A5D4200BCA6F9 /* ViewController.m */,
				3D754076226A5D4300BCA6F9 /* Assets.xcassets */,
				3D754078226A5D4300BCA6F9 /* LaunchScreen.storyboard */,
				3D75407B226A5D4300BCA6F9 /* Info.plist */,
				3D75407C226A5D4300BCA6F9 /* main.m */,
				3DE74DDE226F54A800E44AC1 /* ImageEditView.h */,
				3DE74DDF226F54A800E44AC1 /* ImageEditView.m */,
				3D4EF0B62271CC9B00D1E36F /* PhotoCollectionViewCell.h */,
				3D4EF0B72271CC9B00D1E36F /* PhotoCollectionViewCell.m */,
			);
			path = FlickrPhotoFinder;
			sourceTree = "<group>";
		};
		3DE74DDD226EFB6400E44AC1 /* NerworkService */ = {
			isa = PBXGroup;
			children = (
				3DE74DD7226EFB5700E44AC1 /* NetworkHelper.h */,
				3DE74DD6226EFB5700E44AC1 /* NetworkHelper.m */,
				3DE74DDA226EFB5700E44AC1 /* NetworkService.h */,
				3DE74DD8226EFB5700E44AC1 /* NetworkService.m */,
				3DE74DD9226EFB5700E44AC1 /* NetworkServiceProtocol.h */,
			);
			name = NerworkService;
			sourceTree = "<group>";
		};
/* End PBXGroup section */

/* Begin PBXNativeTarget section */
		3D754069226A5D4100BCA6F9 /* FlickrPhotoFinder */ = {
			isa = PBXNativeTarget;
			buildConfigurationList = 3D754080226A5D4300BCA6F9 /* Build configuration list for PBXNativeTarget "FlickrPhotoFinder" */;
			buildPhases = (
				3D754066226A5D4100BCA6F9 /* Sources */,
				3D754067226A5D4100BCA6F9 /* Frameworks */,
				3D754068226A5D4100BCA6F9 /* Resources */,
			);
			buildRules = (
			);
			dependencies = (
			);
			name = FlickrPhotoFinder;
			productName = FlickrPhotoFinder;
			productReference = 3D75406A226A5D4200BCA6F9 /* FlickrPhotoFinder.app */;
			productType = "com.apple.product-type.application";
		};
/* End PBXNativeTarget section */

/* Begin PBXProject section */
		3D754062226A5D4100BCA6F9 /* Project object */ = {
			isa = PBXProject;
			attributes = {
				LastUpgradeCheck = 1010;
				ORGANIZATIONNAME = "Александр Ломтев";
				TargetAttributes = {
					3D754069226A5D4100BCA6F9 = {
						CreatedOnToolsVersion = 10.1;
					};
				};
			};
			buildConfigurationList = 3D754065226A5D4100BCA6F9 /* Build configuration list for PBXProject "FlickrPhotoFinder" */;
			compatibilityVersion = "Xcode 9.3";
			developmentRegion = en;
			hasScannedForEncodings = 0;
			knownRegions = (
				en,
				Base,
			);
			mainGroup = 3D754061226A5D4100BCA6F9;
			productRefGroup = 3D75406B226A5D4200BCA6F9 /* Products */;
			projectDirPath = "";
			projectRoot = "";
			targets = (
				3D754069226A5D4100BCA6F9 /* FlickrPhotoFinder */,
			);
		};
/* End PBXProject section */

/* Begin PBXResourcesBuildPhase section */
		3D754068226A5D4100BCA6F9 /* Resources */ = {
			isa = PBXResourcesBuildPhase;
			buildActionMask = 2147483647;
			files = (
				3D75407A226A5D4300BCA6F9 /* LaunchScreen.storyboard in Resources */,
				3D754077226A5D4300BCA6F9 /* Assets.xcassets in Resources */,
			);
			runOnlyForDeploymentPostprocessing = 0;
		};
/* End PBXResourcesBuildPhase section */

/* Begin PBXSourcesBuildPhase section */
		3D754066226A5D4100BCA6F9 /* Sources */ = {
			isa = PBXSourcesBuildPhase;
			buildActionMask = 2147483647;
			files = (
				3DE74DE0226F54A800E44AC1 /* ImageEditView.m in Sources */,
				3DE74DDB226EFB5700E44AC1 /* NetworkHelper.m in Sources */,
				3D754072226A5D4200BCA6F9 /* ViewController.m in Sources */,
				3D4EF0B82271CC9B00D1E36F /* PhotoCollectionViewCell.m in Sources */,
				3D4EF0BB2271CCD200D1E36F /* Photo.m in Sources */,
				3D75407D226A5D4300BCA6F9 /* main.m in Sources */,
				3D75406F226A5D4200BCA6F9 /* AppDelegate.m in Sources */,
				3DE74DDC226EFB5700E44AC1 /* NetworkService.m in Sources */,
			);
			runOnlyForDeploymentPostprocessing = 0;
		};
/* End PBXSourcesBuildPhase section */

/* Begin PBXVariantGroup section */
		3D754078226A5D4300BCA6F9 /* LaunchScreen.storyboard */ = {
			isa = PBXVariantGroup;
			children = (
				3D754079226A5D4300BCA6F9 /* Base */,
			);
			name = LaunchScreen.storyboard;
			sourceTree = "<group>";
		};
/* End PBXVariantGroup section */

/* Begin XCBuildConfiguration section */
		3D75407E226A5D4300BCA6F9 /* Debug */ = {
			isa = XCBuildConfiguration;
			buildSettings = {
				ALWAYS_SEARCH_USER_PATHS = NO;
				CLANG_ANALYZER_NONNULL = YES;
				CLANG_ANALYZER_NUMBER_OBJECT_CONVERSION = YES_AGGRESSIVE;
				CLANG_CXX_LANGUAGE_STANDARD = "gnu++14";
				CLANG_CXX_LIBRARY = "libc++";
				CLANG_ENABLE_MODULES = YES;
				CLANG_ENABLE_OBJC_ARC = YES;
				CLANG_ENABLE_OBJC_WEAK = YES;
				CLANG_WARN_BLOCK_CAPTURE_AUTORELEASING = YES;
				CLANG_WARN_BOOL_CONVERSION = YES;
				CLANG_WARN_COMMA = YES;
				CLANG_WARN_CONSTANT_CONVERSION = YES;
				CLANG_WARN_DEPRECATED_OBJC_IMPLEMENTATIONS = YES;
				CLANG_WARN_DIRECT_OBJC_ISA_USAGE = YES_ERROR;
				CLANG_WARN_DOCUMENTATION_COMMENTS = YES;
				CLANG_WARN_EMPTY_BODY = YES;
				CLANG_WARN_ENUM_CONVERSION = YES;
				CLANG_WARN_INFINITE_RECURSION = YES;
				CLANG_WARN_INT_CONVERSION = YES;
				CLANG_WARN_NON_LITERAL_NULL_CONVERSION = YES;
				CLANG_WARN_OBJC_IMPLICIT_RETAIN_SELF = YES;
				CLANG_WARN_OBJC_LITERAL_CONVERSION = YES;
				CLANG_WARN_OBJC_ROOT_CLASS = YES_ERROR;
				CLANG_WARN_RANGE_LOOP_ANALYSIS = YES;
				CLANG_WARN_STRICT_PROTOTYPES = YES;
				CLANG_WARN_SUSPICIOUS_MOVE = YES;
				CLANG_WARN_UNGUARDED_AVAILABILITY = YES_AGGRESSIVE;
				CLANG_WARN_UNREACHABLE_CODE = YES;
				CLANG_WARN__DUPLICATE_METHOD_MATCH = YES;
				CODE_SIGN_IDENTITY = "iPhone Developer";
				COPY_PHASE_STRIP = NO;
				DEBUG_INFORMATION_FORMAT = dwarf;
				ENABLE_STRICT_OBJC_MSGSEND = YES;
				ENABLE_TESTABILITY = YES;
				GCC_C_LANGUAGE_STANDARD = gnu11;
				GCC_DYNAMIC_NO_PIC = NO;
				GCC_NO_COMMON_BLOCKS = YES;
				GCC_OPTIMIZATION_LEVEL = 0;
				GCC_PREPROCESSOR_DEFINITIONS = (
					"DEBUG=1",
					"$(inherited)",
				);
				GCC_WARN_64_TO_32_BIT_CONVERSION = YES;
				GCC_WARN_ABOUT_RETURN_TYPE = YES_ERROR;
				GCC_WARN_UNDECLARED_SELECTOR = YES;
				GCC_WARN_UNINITIALIZED_AUTOS = YES_AGGRESSIVE;
				GCC_WARN_UNUSED_FUNCTION = YES;
				GCC_WARN_UNUSED_VARIABLE = YES;
				IPHONEOS_DEPLOYMENT_TARGET = 12.1;
				MTL_ENABLE_DEBUG_INFO = INCLUDE_SOURCE;
				MTL_FAST_MATH = YES;
				ONLY_ACTIVE_ARCH = YES;
				SDKROOT = iphoneos;
			};
			name = Debug;
		};
		3D75407F226A5D4300BCA6F9 /* Release */ = {
			isa = XCBuildConfiguration;
			buildSettings = {
				ALWAYS_SEARCH_USER_PATHS = NO;
				CLANG_ANALYZER_NONNULL = YES;
				CLANG_ANALYZER_NUMBER_OBJECT_CONVERSION = YES_AGGRESSIVE;
				CLANG_CXX_LANGUAGE_STANDARD = "gnu++14";
				CLANG_CXX_LIBRARY = "libc++";
				CLANG_ENABLE_MODULES = YES;
				CLANG_ENABLE_OBJC_ARC = YES;
				CLANG_ENABLE_OBJC_WEAK = YES;
				CLANG_WARN_BLOCK_CAPTURE_AUTORELEASING = YES;
				CLANG_WARN_BOOL_CONVERSION = YES;
				CLANG_WARN_COMMA = YES;
				CLANG_WARN_CONSTANT_CONVERSION = YES;
				CLANG_WARN_DEPRECATED_OBJC_IMPLEMENTATIONS = YES;
				CLANG_WARN_DIRECT_OBJC_ISA_USAGE = YES_ERROR;
				CLANG_WARN_DOCUMENTATION_COMMENTS = YES;
				CLANG_WARN_EMPTY_BODY = YES;
				CLANG_WARN_ENUM_CONVERSION = YES;
				CLANG_WARN_INFINITE_RECURSION = YES;
				CLANG_WARN_INT_CONVERSION = YES;
				CLANG_WARN_NON_LITERAL_NULL_CONVERSION = YES;
				CLANG_WARN_OBJC_IMPLICIT_RETAIN_SELF = YES;
				CLANG_WARN_OBJC_LITERAL_CONVERSION = YES;
				CLANG_WARN_OBJC_ROOT_CLASS = YES_ERROR;
				CLANG_WARN_RANGE_LOOP_ANALYSIS = YES;
				CLANG_WARN_STRICT_PROTOTYPES = YES;
				CLANG_WARN_SUSPICIOUS_MOVE = YES;
				CLANG_WARN_UNGUARDED_AVAILABILITY = YES_AGGRESSIVE;
				CLANG_WARN_UNREACHABLE_CODE = YES;
				CLANG_WARN__DUPLICATE_METHOD_MATCH = YES;
				CODE_SIGN_IDENTITY = "iPhone Developer";
				COPY_PHASE_STRIP = NO;
				DEBUG_INFORMATION_FORMAT = "dwarf-with-dsym";
				ENABLE_NS_ASSERTIONS = NO;
				ENABLE_STRICT_OBJC_MSGSEND = YES;
				GCC_C_LANGUAGE_STANDARD = gnu11;
				GCC_NO_COMMON_BLOCKS = YES;
				GCC_WARN_64_TO_32_BIT_CONVERSION = YES;
				GCC_WARN_ABOUT_RETURN_TYPE = YES_ERROR;
				GCC_WARN_UNDECLARED_SELECTOR = YES;
				GCC_WARN_UNINITIALIZED_AUTOS = YES_AGGRESSIVE;
				GCC_WARN_UNUSED_FUNCTION = YES;
				GCC_WARN_UNUSED_VARIABLE = YES;
				IPHONEOS_DEPLOYMENT_TARGET = 12.1;
				MTL_ENABLE_DEBUG_INFO = NO;
				MTL_FAST_MATH = YES;
				SDKROOT = iphoneos;
				VALIDATE_PRODUCT = YES;
			};
			name = Release;
		};
		3D754081226A5D4300BCA6F9 /* Debug */ = {
			isa = XCBuildConfiguration;
			buildSettings = {
				ASSETCATALOG_COMPILER_APPICON_NAME = AppIcon;
				CODE_SIGN_STYLE = Automatic;
				DEVELOPMENT_TEAM = 5Y79YTV929;
				INFOPLIST_FILE = FlickrPhotoFinder/Info.plist;
				LD_RUNPATH_SEARCH_PATHS = (
					"$(inherited)",
					"@executable_path/Frameworks",
				);
				PRODUCT_BUNDLE_IDENTIFIER = SBER.FlickrPhotoFinder;
				PRODUCT_NAME = "$(TARGET_NAME)";
				TARGETED_DEVICE_FAMILY = "1,2";
			};
			name = Debug;
		};
		3D754082226A5D4300BCA6F9 /* Release */ = {
			isa = XCBuildConfiguration;
			buildSettings = {
				ASSETCATALOG_COMPILER_APPICON_NAME = AppIcon;
				CODE_SIGN_STYLE = Automatic;
				DEVELOPMENT_TEAM = 5Y79YTV929;
				INFOPLIST_FILE = FlickrPhotoFinder/Info.plist;
				LD_RUNPATH_SEARCH_PATHS = (
					"$(inherited)",
					"@executable_path/Frameworks",
				);
				PRODUCT_BUNDLE_IDENTIFIER = SBER.FlickrPhotoFinder;
				PRODUCT_NAME = "$(TARGET_NAME)";
				TARGETED_DEVICE_FAMILY = "1,2";
			};
			name = Release;
		};
/* End XCBuildConfiguration section */

/* Begin XCConfigurationList section */
		3D754065226A5D4100BCA6F9 /* Build configuration list for PBXProject "FlickrPhotoFinder" */ = {
			isa = XCConfigurationList;
			buildConfigurations = (
				3D75407E226A5D4300BCA6F9 /* Debug */,
				3D75407F226A5D4300BCA6F9 /* Release */,
			);
			defaultConfigurationIsVisible = 0;
			defaultConfigurationName = Release;
		};
		3D754080226A5D4300BCA6F9 /* Build configuration list for PBXNativeTarget "FlickrPhotoFinder" */ = {
			isa = XCConfigurationList;
			buildConfigurations = (
				3D754081226A5D4300BCA6F9 /* Debug */,
				3D754082226A5D4300BCA6F9 /* Release */,
			);
			defaultConfigurationIsVisible = 0;
			defaultConfigurationName = Release;
		};
/* End XCConfigurationList section */
	};
	rootObject = 3D754062226A5D4100BCA6F9 /* Project object */;
}
